
Microsoft Visual Studio Solution File, Format Version 12.00
# Visual Studio 2013
VisualStudioVersion = 12.0.30501.0
MinimumVisualStudioVersion = 10.0.40219.1
Project("{FAE04EC0-301F-11D3-BF4B-00C04F79EFBC}") = "ClassFinderService", "ClassFinderService\ClassFinderService.csproj", "{CBF93A5C-A199-43AA-A3EC-F3A33DC0952A}"
EndProject
Project("{FAE04EC0-301F-11D3-BF4B-00C04F79EFBC}") = "ClassFinderServiceHost", "ClassFinderServiceHost\ClassFinderServiceHost.csproj", "{3BADFC77-99F4-460C-B6D2-F759D50F8CBC}"
EndProject
Project("{FAE04EC0-301F-11D3-BF4B-00C04F79EFBC}") = "ClassFinderClient", "ClassFinderClient\ClassFinderClient.csproj", "{CE00F0A6-57ED-48BD-8945-94959A868CFF}"
	ProjectSection(ProjectDependencies) = postProject
		{CBF93A5C-A199-43AA-A3EC-F3A33DC0952A} = {CBF93A5C-A199-43AA-A3EC-F3A33DC0952A}
	EndProjectSection
EndProject
Project("{2150E333-8FDC-42A3-9474-1A3956D46DE8}") = "Solution Items", "Solution Items", "{CC4126E5-B018-4053-8475-A4A6B8ABA783}"
	ProjectSection(SolutionItems) = preProject
		ReadMe.txt = ReadMe.txt
	EndProjectSection
EndProject
Global
	GlobalSection(SolutionConfigurationPlatforms) = preSolution
		Debug|Any CPU = Debug|Any CPU
		Release|Any CPU = Release|Any CPU
	EndGlobalSection
	GlobalSection(ProjectConfigurationPlatforms) = postSolution
		{CBF93A5C-A199-43AA-A3EC-F3A33DC0952A}.Debug|Any CPU.ActiveCfg = Debug|Any CPU
		{CBF93A5C-A199-43AA-A3EC-F3A33DC0952A}.Debug|Any CPU.Build.0 = Debug|Any CPU
		{CBF93A5C-A199-43AA-A3EC-F3A33DC0952A}.Release|Any CPU.ActiveCfg = Release|Any CPU
		{CBF93A5C-A199-43AA-A3EC-F3A33DC0952A}.Release|Any CPU.Build.0 = Release|Any CPU
		{3BADFC77-99F4-460C-B6D2-F759D50F8CBC}.Debug|Any CPU.ActiveCfg = Debug|Any CPU
		{3BADFC77-99F4-460C-B6D2-F759D50F8CBC}.Debug|Any CPU.Build.0 = Debug|Any CPU
		{3BADFC77-99F4-460C-B6D2-F759D50F8CBC}.Release|Any CPU.ActiveCfg = Release|Any CPU
		{3BADFC77-99F4-460C-B6D2-F759D50F8CBC}.Release|Any CPU.Build.0 = Release|Any CPU
		{CE00F0A6-57ED-48BD-8945-94959A868CFF}.Debug|Any CPU.ActiveCfg = Debug|Any CPU
		{CE00F0A6-57ED-48BD-8945-94959A868CFF}.Debug|Any CPU.Build.0 = Debug|Any CPU
		{CE00F0A6-57ED-48BD-8945-94959A868CFF}.Release|Any CPU.ActiveCfg = Release|Any CPU
		{CE00F0A6-57ED-48BD-8945-94959A868CFF}.Release|Any CPU.Build.0 = Release|Any CPU
	EndGlobalSection
	GlobalSection(SolutionProperties) = preSolution
		HideSolutionNode = FALSE
	EndGlobalSection
EndGlobal
